
Microsoft Visual Studio Solution File, Format Version 12.00
# Visual Studio Version 17
VisualStudioVersion = 17.11.35312.102
MinimumVisualStudioVersion = 10.0.40219.1
Project("{FAE04EC0-301F-11D3-BF4B-00C04F79EFBC}") = "Assignment04", "Assignment04\Assignment04.csproj", "{D16C3B58-A939-4A05-9472-C81F0F9A6AC4}"
EndProject
Global
	GlobalSection(SolutionConfigurationPlatforms) = preSolution
		Debug|Any CPU = Debug|Any CPU
		Release|Any CPU = Release|Any CPU
	EndGlobalSection
	GlobalSection(ProjectConfigurationPlatforms) = postSolution
		{D16C3B58-A939-4A05-9472-C81F0F9A6AC4}.Debug|Any CPU.ActiveCfg = Debug|Any CPU
		{D16C3B58-A939-4A05-9472-C81F0F9A6AC4}.Debug|Any CPU.Build.0 = Debug|Any CPU
		{D16C3B58-A939-4A05-9472-C81F0F9A6AC4}.Release|Any CPU.ActiveCfg = Release|Any CPU
		{D16C3B58-A939-4A05-9472-C81F0F9A6AC4}.Release|Any CPU.Build.0 = Release|Any CPU
	EndGlobalSection
	GlobalSection(SolutionProperties) = preSolution
		HideSolutionNode = FALSE
	EndGlobalSection
	GlobalSection(ExtensibilityGlobals) = postSolution
		SolutionGuid = {E9352149-7ADB-4EDC-8EF2-4DB389933C1E}
	EndGlobalSection
EndGlobal
